
Microsoft Visual Studio Solution File, Format Version 12.00
# Visual Studio Version 17
VisualStudioVersion = 17.1.32328.378
MinimumVisualStudioVersion = 10.0.40219.1
Project("{9A19103F-16F7-4668-BE54-9A1E7A4F7556}") = "DemoWpf", "DemoWpf\DemoWpf.csproj", "{F98ED925-7417-4773-9733-6410082D815B}"
EndProject
Project("{FAE04EC0-301F-11D3-BF4B-00C04F79EFBC}") = "KeyBitmapCreator", "KeyBitmapCreator\KeyBitmapCreator.csproj", "{4DEF9CB8-8643-43E0-9ABA-DD79FDDF9691}"
EndProject
Project("{FAE04EC0-301F-11D3-BF4B-00C04F79EFBC}") = "DemoConsole", "DemoConsole\DemoConsole.csproj", "{5AFD27E2-7175-4E94-A9A7-456735401B54}"
EndProject
Global
	GlobalSection(SolutionConfigurationPlatforms) = preSolution
		Debug|Any CPU = Debug|Any CPU
		Release|Any CPU = Release|Any CPU
	EndGlobalSection
	GlobalSection(ProjectConfigurationPlatforms) = postSolution
		{F98ED925-7417-4773-9733-6410082D815B}.Debug|Any CPU.ActiveCfg = Debug|Any CPU
		{F98ED925-7417-4773-9733-6410082D815B}.Debug|Any CPU.Build.0 = Debug|Any CPU
		{F98ED925-7417-4773-9733-6410082D815B}.Release|Any CPU.ActiveCfg = Release|Any CPU
		{F98ED925-7417-4773-9733-6410082D815B}.Release|Any CPU.Build.0 = Release|Any CPU
		{4DEF9CB8-8643-43E0-9ABA-DD79FDDF9691}.Debug|Any CPU.ActiveCfg = Debug|Any CPU
		{4DEF9CB8-8643-43E0-9ABA-DD79FDDF9691}.Debug|Any CPU.Build.0 = Debug|Any CPU
		{4DEF9CB8-8643-43E0-9ABA-DD79FDDF9691}.Release|Any CPU.ActiveCfg = Release|Any CPU
		{4DEF9CB8-8643-43E0-9ABA-DD79FDDF9691}.Release|Any CPU.Build.0 = Release|Any CPU
		{5AFD27E2-7175-4E94-A9A7-456735401B54}.Debug|Any CPU.ActiveCfg = Debug|Any CPU
		{5AFD27E2-7175-4E94-A9A7-456735401B54}.Debug|Any CPU.Build.0 = Debug|Any CPU
		{5AFD27E2-7175-4E94-A9A7-456735401B54}.Release|Any CPU.ActiveCfg = Release|Any CPU
		{5AFD27E2-7175-4E94-A9A7-456735401B54}.Release|Any CPU.Build.0 = Release|Any CPU
	EndGlobalSection
	GlobalSection(SolutionProperties) = preSolution
		HideSolutionNode = FALSE
	EndGlobalSection
	GlobalSection(ExtensibilityGlobals) = postSolution
		SolutionGuid = {D8A55BB5-368E-4C23-A1C4-077A3F5FFA7B}
	EndGlobalSection
EndGlobal
